
Microsoft Visual Studio Solution File, Format Version 12.00
# Visual Studio Version 17
VisualStudioVersion = 17.0.31903.59
MinimumVisualStudioVersion = 10.0.40219.1
Project("{FAE04EC0-301F-11D3-BF4B-00C04F79EFBC}") = "Contract.Compiler", "Contract.Compiler\Contract.Compiler.csproj", "{EE85A684-F928-4B4D-9FA2-F6B54137DFE4}"
EndProject
Project("{FAE04EC0-301F-11D3-BF4B-00C04F79EFBC}") = "Contract.Cli", "Contract.Cli\Contract.Cli.csproj", "{4EC03828-F761-49A9-BC48-2162E71AB7FF}"
EndProject
Project("{2150E333-8FDC-42A3-9474-1A3956D46DE8}") = "libs", "libs", "{43FB7F60-F4B6-401E-9724-84CEE858810A}"
EndProject
Project("{FAE04EC0-301F-11D3-BF4B-00C04F79EFBC}") = "Contract.LanguageServer", "Contract.LanguageServer\Contract.LanguageServer.csproj", "{06EF34B9-B4C0-44AE-9E89-B98E35A340F1}"
EndProject
Project("{2150E333-8FDC-42A3-9474-1A3956D46DE8}") = "scratch", "scratch", "{F2659A5F-1EBD-3F4F-4A30-86EC08B46DDA}"
EndProject
Project("{FAE04EC0-301F-11D3-BF4B-00C04F79EFBC}") = "lsprobe", "scratch\lsprobe\lsprobe.csproj", "{960EB90E-E4C7-4023-8F56-833E5B482B2D}"
EndProject
Project("{FAE04EC0-301F-11D3-BF4B-00C04F79EFBC}") = "DisAsm", "scratch\DisAsm\DisAsm.csproj", "{940DF52B-D82A-4A18-976C-30029F5CE298}"
EndProject
Project("{2150E333-8FDC-42A3-9474-1A3956D46DE8}") = "Objekt-RT", "Objekt-RT", "{8A3128CC-FF61-8602-10F8-816F592E7DB9}"
EndProject
Project("{2150E333-8FDC-42A3-9474-1A3956D46DE8}") = "src", "src", "{C65A9C3A-2EBC-0925-7449-96B514776FA6}"
EndProject
Project("{2150E333-8FDC-42A3-9474-1A3956D46DE8}") = "runtime", "runtime", "{5D01F1F0-0881-8C81-6BE8-8FCE1F3FCEFC}"
EndProject
Project("{2150E333-8FDC-42A3-9474-1A3956D46DE8}") = "tests", "tests", "{F672273B-E905-56B2-21A1-C06FDDB8A714}"
EndProject
Project("{FAE04EC0-301F-11D3-BF4B-00C04F79EFBC}") = "ObjectRT.Runtime.Tests", "libs\Objekt-RT\src\ObjectRT.Runtime\tests\ObjectRT.Runtime.Tests\ObjectRT.Runtime.Tests.csproj", "{50E964F7-471D-4973-9140-756DE240C0C9}"
EndProject
Project("{FAE04EC0-301F-11D3-BF4B-00C04F79EFBC}") = "ObjectRT.Runtime", "libs\Objekt-RT\src\ObjectRT.Runtime\ObjectRT.Runtime.csproj", "{F8B0EB24-7532-4E56-8D47-FB81CBD9632E}"
EndProject
Project("{FAE04EC0-301F-11D3-BF4B-00C04F79EFBC}") = "ObjectRT.VM", "libs\Objekt-RT\src\ObjectRT.VM\ObjectRT.VM.csproj", "{F0349819-6F63-48DA-8FEE-66D892EC69E8}"
EndProject
Project("{FAE04EC0-301F-11D3-BF4B-00C04F79EFBC}") = "ObjectRT.Abstractions", "libs\Objekt-RT\src\ObjectRT.Abstractions\ObjectRT.Abstractions.csproj", "{C86EC17C-67E8-42DB-AFC4-4C8DB39BF8C2}"
EndProject
Project("{FAE04EC0-301F-11D3-BF4B-00C04F79EFBC}") = "ObjectRT.Dap", "libs\Objekt-RT\src\ObjectRT.Dap\ObjectRT.Dap.csproj", "{7A4C2E91-8B3D-4F6A-9C5E-1D2B8F0A6E43}"
EndProject
Project("{FAE04EC0-301F-11D3-BF4B-00C04F79EFBC}") = "ObjektRT.Core", "libs\ObjektRT.Core\ObjektRT.Core.csproj", "{10A2F4E3-7A08-4BBB-BC08-6D35BA648242}"
EndProject
Project("{FAE04EC0-301F-11D3-BF4B-00C04F79EFBC}") = "ObjektRT.Stdlib", "libs\ObjektRT.Stdlib\ObjektRT.Stdlib.csproj", "{5321A786-68F8-4C8B-8212-0637BE36D85A}"
EndProject
Project("{F2A71F9B-5D33-465A-A702-920D77279786}") = "Contract.Compiler.Expressions", "Contract.Compiler.Expressions\Contract.Compiler.Expressions.fsproj", "{A42AEC6A-D289-4B5E-AAC7-5A52A4720326}"
EndProject
Project("{FAE04EC0-301F-11D3-BF4B-00C04F79EFBC}") = "Contract.Compiler.Abstractions", "Contract.Compiler.Abstractions\Contract.Compiler.Abstractions.csproj", "{C872CB02-607C-44B6-A9B2-F234A19F4E13}"
EndProject
Global
	GlobalSection(SolutionConfigurationPlatforms) = preSolution
		Debug|Any CPU = Debug|Any CPU
		Debug|x64 = Debug|x64
		Debug|x86 = Debug|x86
		Release|Any CPU = Release|Any CPU
		Release|x64 = Release|x64
		Release|x86 = Release|x86
	EndGlobalSection
	GlobalSection(ProjectConfigurationPlatforms) = postSolution
		{EE85A684-F928-4B4D-9FA2-F6B54137DFE4}.Debug|Any CPU.ActiveCfg = Debug|Any CPU
		{EE85A684-F928-4B4D-9FA2-F6B54137DFE4}.Debug|Any CPU.Build.0 = Debug|Any CPU
		{EE85A684-F928-4B4D-9FA2-F6B54137DFE4}.Debug|x64.ActiveCfg = Debug|Any CPU
		{EE85A684-F928-4B4D-9FA2-F6B54137DFE4}.Debug|x64.Build.0 = Debug|Any CPU
		{EE85A684-F928-4B4D-9FA2-F6B54137DFE4}.Debug|x86.ActiveCfg = Debug|Any CPU
		{EE85A684-F928-4B4D-9FA2-F6B54137DFE4}.Debug|x86.Build.0 = Debug|Any CPU
		{EE85A684-F928-4B4D-9FA2-F6B54137DFE4}.Release|Any CPU.ActiveCfg = Release|Any CPU
		{EE85A684-F928-4B4D-9FA2-F6B54137DFE4}.Release|Any CPU.Build.0 = Release|Any CPU
		{EE85A684-F928-4B4D-9FA2-F6B54137DFE4}.Release|x64.ActiveCfg = Release|Any CPU
		{EE85A684-F928-4B4D-9FA2-F6B54137DFE4}.Release|x64.Build.0 = Release|Any CPU
		{EE85A684-F928-4B4D-9FA2-F6B54137DFE4}.Release|x86.ActiveCfg = Release|Any CPU
		{EE85A684-F928-4B4D-9FA2-F6B54137DFE4}.Release|x86.Build.0 = Release|Any CPU
		{4EC03828-F761-49A9-BC48-2162E71AB7FF}.Debug|Any CPU.ActiveCfg = Debug|Any CPU
		{4EC03828-F761-49A9-BC48-2162E71AB7FF}.Debug|Any CPU.Build.0 = Debug|Any CPU
		{4EC03828-F761-49A9-BC48-2162E71AB7FF}.Debug|x64.ActiveCfg = Debug|Any CPU
		{4EC03828-F761-49A9-BC48-2162E71AB7FF}.Debug|x64.Build.0 = Debug|Any CPU
		{4EC03828-F761-49A9-BC48-2162E71AB7FF}.Debug|x86.ActiveCfg = Debug|Any CPU
		{4EC03828-F761-49A9-BC48-2162E71AB7FF}.Debug|x86.Build.0 = Debug|Any CPU
		{4EC03828-F761-49A9-BC48-2162E71AB7FF}.Release|Any CPU.ActiveCfg = Release|Any CPU
		{4EC03828-F761-49A9-BC48-2162E71AB7FF}.Release|Any CPU.Build.0 = Release|Any CPU
		{4EC03828-F761-49A9-BC48-2162E71AB7FF}.Release|x64.ActiveCfg = Release|Any CPU
		{4EC03828-F761-49A9-BC48-2162E71AB7FF}.Release|x64.Build.0 = Release|Any CPU
		{4EC03828-F761-49A9-BC48-2162E71AB7FF}.Release|x86.ActiveCfg = Release|Any CPU
		{4EC03828-F761-49A9-BC48-2162E71AB7FF}.Release|x86.Build.0 = Release|Any CPU
		{06EF34B9-B4C0-44AE-9E89-B98E35A340F1}.Debug|Any CPU.ActiveCfg = Debug|Any CPU
		{06EF34B9-B4C0-44AE-9E89-B98E35A340F1}.Debug|Any CPU.Build.0 = Debug|Any CPU
		{06EF34B9-B4C0-44AE-9E89-B98E35A340F1}.Debug|x64.ActiveCfg = Debug|Any CPU
		{06EF34B9-B4C0-44AE-9E89-B98E35A340F1}.Debug|x64.Build.0 = Debug|Any CPU
		{06EF34B9-B4C0-44AE-9E89-B98E35A340F1}.Debug|x86.ActiveCfg = Debug|Any CPU
		{06EF34B9-B4C0-44AE-9E89-B98E35A340F1}.Debug|x86.Build.0 = Debug|Any CPU
		{06EF34B9-B4C0-44AE-9E89-B98E35A340F1}.Release|Any CPU.ActiveCfg = Release|Any CPU
		{06EF34B9-B4C0-44AE-9E89-B98E35A340F1}.Release|Any CPU.Build.0 = Release|Any CPU
		{06EF34B9-B4C0-44AE-9E89-B98E35A340F1}.Release|x64.ActiveCfg = Release|Any CPU
		{06EF34B9-B4C0-44AE-9E89-B98E35A340F1}.Release|x64.Build.0 = Release|Any CPU
		{06EF34B9-B4C0-44AE-9E89-B98E35A340F1}.Release|x86.ActiveCfg = Release|Any CPU
		{06EF34B9-B4C0-44AE-9E89-B98E35A340F1}.Release|x86.Build.0 = Release|Any CPU
		{960EB90E-E4C7-4023-8F56-833E5B482B2D}.Debug|Any CPU.ActiveCfg = Debug|Any CPU
		{960EB90E-E4C7-4023-8F56-833E5B482B2D}.Debug|Any CPU.Build.0 = Debug|Any CPU
		{960EB90E-E4C7-4023-8F56-833E5B482B2D}.Debug|x64.ActiveCfg = Debug|Any CPU
		{960EB90E-E4C7-4023-8F56-833E5B482B2D}.Debug|x64.Build.0 = Debug|Any CPU
		{960EB90E-E4C7-4023-8F56-833E5B482B2D}.Debug|x86.ActiveCfg = Debug|Any CPU
		{960EB90E-E4C7-4023-8F56-833E5B482B2D}.Debug|x86.Build.0 = Debug|Any CPU
		{960EB90E-E4C7-4023-8F56-833E5B482B2D}.Release|Any CPU.ActiveCfg = Release|Any CPU
		{960EB90E-E4C7-4023-8F56-833E5B482B2D}.Release|Any CPU.Build.0 = Release|Any CPU
		{960EB90E-E4C7-4023-8F56-833E5B482B2D}.Release|x64.ActiveCfg = Release|Any CPU
		{960EB90E-E4C7-4023-8F56-833E5B482B2D}.Release|x64.Build.0 = Release|Any CPU
		{960EB90E-E4C7-4023-8F56-833E5B482B2D}.Release|x86.ActiveCfg = Release|Any CPU
		{960EB90E-E4C7-4023-8F56-833E5B482B2D}.Release|x86.Build.0 = Release|Any CPU
		{50E964F7-471D-4973-9140-756DE240C0C9}.Debug|Any CPU.ActiveCfg = Debug|Any CPU
		{50E964F7-471D-4973-9140-756DE240C0C9}.Debug|Any CPU.Build.0 = Debug|Any CPU
		{50E964F7-471D-4973-9140-756DE240C0C9}.Debug|x64.ActiveCfg = Debug|Any CPU
		{50E964F7-471D-4973-9140-756DE240C0C9}.Debug|x64.Build.0 = Debug|Any CPU
		{50E964F7-471D-4973-9140-756DE240C0C9}.Debug|x86.ActiveCfg = Debug|Any CPU
		{50E964F7-471D-4973-9140-756DE240C0C9}.Debug|x86.Build.0 = Debug|Any CPU
		{50E964F7-471D-4973-9140-756DE240C0C9}.Release|Any CPU.ActiveCfg = Release|Any CPU
		{50E964F7-471D-4973-9140-756DE240C0C9}.Release|Any CPU.Build.0 = Release|Any CPU
		{50E964F7-471D-4973-9140-756DE240C0C9}.Release|x64.ActiveCfg = Release|Any CPU
		{50E964F7-471D-4973-9140-756DE240C0C9}.Release|x64.Build.0 = Release|Any CPU
		{50E964F7-471D-4973-9140-756DE240C0C9}.Release|x86.ActiveCfg = Release|Any CPU
		{50E964F7-471D-4973-9140-756DE240C0C9}.Release|x86.Build.0 = Release|Any CPU
		{F8B0EB24-7532-4E56-8D47-FB81CBD9632E}.Debug|Any CPU.ActiveCfg = Debug|Any CPU
		{F8B0EB24-7532-4E56-8D47-FB81CBD9632E}.Debug|Any CPU.Build.0 = Debug|Any CPU
		{F8B0EB24-7532-4E56-8D47-FB81CBD9632E}.Debug|x64.ActiveCfg = Debug|Any CPU
		{F8B0EB24-7532-4E56-8D47-FB81CBD9632E}.Debug|x64.Build.0 = Debug|Any CPU
		{F8B0EB24-7532-4E56-8D47-FB81CBD9632E}.Debug|x86.ActiveCfg = Debug|Any CPU
		{F8B0EB24-7532-4E56-8D47-FB81CBD9632E}.Debug|x86.Build.0 = Debug|Any CPU
		{F8B0EB24-7532-4E56-8D47-FB81CBD9632E}.Release|Any CPU.ActiveCfg = Release|Any CPU
		{F8B0EB24-7532-4E56-8D47-FB81CBD9632E}.Release|Any CPU.Build.0 = Release|Any CPU
		{F8B0EB24-7532-4E56-8D47-FB81CBD9632E}.Release|x64.ActiveCfg = Release|Any CPU
		{F8B0EB24-7532-4E56-8D47-FB81CBD9632E}.Release|x64.Build.0 = Release|Any CPU
		{F8B0EB24-7532-4E56-8D47-FB81CBD9632E}.Release|x86.ActiveCfg = Release|Any CPU
		{F8B0EB24-7532-4E56-8D47-FB81CBD9632E}.Release|x86.Build.0 = Release|Any CPU
		{F0349819-6F63-48DA-8FEE-66D892EC69E8}.Debug|Any CPU.ActiveCfg = Debug|Any CPU
		{F0349819-6F63-48DA-8FEE-66D892EC69E8}.Debug|Any CPU.Build.0 = Debug|Any CPU
		{F0349819-6F63-48DA-8FEE-66D892EC69E8}.Debug|x64.ActiveCfg = Debug|Any CPU
		{F0349819-6F63-48DA-8FEE-66D892EC69E8}.Debug|x64.Build.0 = Debug|Any CPU
		{F0349819-6F63-48DA-8FEE-66D892EC69E8}.Debug|x86.ActiveCfg = Debug|Any CPU
		{F0349819-6F63-48DA-8FEE-66D892EC69E8}.Debug|x86.Build.0 = Debug|Any CPU
		{F0349819-6F63-48DA-8FEE-66D892EC69E8}.Release|Any CPU.ActiveCfg = Release|Any CPU
		{F0349819-6F63-48DA-8FEE-66D892EC69E8}.Release|Any CPU.Build.0 = Release|Any CPU
		{F0349819-6F63-48DA-8FEE-66D892EC69E8}.Release|x64.ActiveCfg = Release|Any CPU
		{F0349819-6F63-48DA-8FEE-66D892EC69E8}.Release|x64.Build.0 = Release|Any CPU
		{F0349819-6F63-48DA-8FEE-66D892EC69E8}.Release|x86.ActiveCfg = Release|Any CPU
		{F0349819-6F63-48DA-8FEE-66D892EC69E8}.Release|x86.Build.0 = Release|Any CPU
		{C86EC17C-67E8-42DB-AFC4-4C8DB39BF8C2}.Debug|Any CPU.ActiveCfg = Debug|Any CPU
		{C86EC17C-67E8-42DB-AFC4-4C8DB39BF8C2}.Debug|Any CPU.Build.0 = Debug|Any CPU
		{C86EC17C-67E8-42DB-AFC4-4C8DB39BF8C2}.Debug|x64.ActiveCfg = Debug|Any CPU
		{C86EC17C-67E8-42DB-AFC4-4C8DB39BF8C2}.Debug|x64.Build.0 = Debug|Any CPU
		{C86EC17C-67E8-42DB-AFC4-4C8DB39BF8C2}.Debug|x86.ActiveCfg = Debug|Any CPU
		{C86EC17C-67E8-42DB-AFC4-4C8DB39BF8C2}.Debug|x86.Build.0 = Debug|Any CPU
		{C86EC17C-67E8-42DB-AFC4-4C8DB39BF8C2}.Release|Any CPU.ActiveCfg = Release|Any CPU
		{C86EC17C-67E8-42DB-AFC4-4C8DB39BF8C2}.Release|Any CPU.Build.0 = Release|Any CPU
		{C86EC17C-67E8-42DB-AFC4-4C8DB39BF8C2}.Release|x64.ActiveCfg = Release|Any CPU
		{C86EC17C-67E8-42DB-AFC4-4C8DB39BF8C2}.Release|x64.Build.0 = Release|Any CPU
		{C86EC17C-67E8-42DB-AFC4-4C8DB39BF8C2}.Release|x86.ActiveCfg = Release|Any CPU
		{C86EC17C-67E8-42DB-AFC4-4C8DB39BF8C2}.Release|x86.Build.0 = Release|Any CPU
		{7A4C2E91-8B3D-4F6A-9C5E-1D2B8F0A6E43}.Debug|Any CPU.ActiveCfg = Debug|Any CPU
		{7A4C2E91-8B3D-4F6A-9C5E-1D2B8F0A6E43}.Debug|Any CPU.Build.0 = Debug|Any CPU
		{7A4C2E91-8B3D-4F6A-9C5E-1D2B8F0A6E43}.Debug|x64.ActiveCfg = Debug|Any CPU
		{7A4C2E91-8B3D-4F6A-9C5E-1D2B8F0A6E43}.Debug|x64.Build.0 = Debug|Any CPU
		{7A4C2E91-8B3D-4F6A-9C5E-1D2B8F0A6E43}.Debug|x86.ActiveCfg = Debug|Any CPU
		{7A4C2E91-8B3D-4F6A-9C5E-1D2B8F0A6E43}.Debug|x86.Build.0 = Debug|Any CPU
		{7A4C2E91-8B3D-4F6A-9C5E-1D2B8F0A6E43}.Release|Any CPU.ActiveCfg = Release|Any CPU
		{7A4C2E91-8B3D-4F6A-9C5E-1D2B8F0A6E43}.Release|Any CPU.Build.0 = Release|Any CPU
		{7A4C2E91-8B3D-4F6A-9C5E-1D2B8F0A6E43}.Release|x64.ActiveCfg = Release|Any CPU
		{7A4C2E91-8B3D-4F6A-9C5E-1D2B8F0A6E43}.Release|x64.Build.0 = Release|Any CPU
		{7A4C2E91-8B3D-4F6A-9C5E-1D2B8F0A6E43}.Release|x86.ActiveCfg = Release|Any CPU
		{7A4C2E91-8B3D-4F6A-9C5E-1D2B8F0A6E43}.Release|x86.Build.0 = Release|Any CPU
		{10A2F4E3-7A08-4BBB-BC08-6D35BA648242}.Debug|Any CPU.ActiveCfg = Debug|Any CPU
		{10A2F4E3-7A08-4BBB-BC08-6D35BA648242}.Debug|Any CPU.Build.0 = Debug|Any CPU
		{10A2F4E3-7A08-4BBB-BC08-6D35BA648242}.Debug|x64.ActiveCfg = Debug|Any CPU
		{10A2F4E3-7A08-4BBB-BC08-6D35BA648242}.Debug|x64.Build.0 = Debug|Any CPU
		{10A2F4E3-7A08-4BBB-BC08-6D35BA648242}.Debug|x86.ActiveCfg = Debug|Any CPU
		{10A2F4E3-7A08-4BBB-BC08-6D35BA648242}.Debug|x86.Build.0 = Debug|Any CPU
		{10A2F4E3-7A08-4BBB-BC08-6D35BA648242}.Release|Any CPU.ActiveCfg = Release|Any CPU
		{10A2F4E3-7A08-4BBB-BC08-6D35BA648242}.Release|Any CPU.Build.0 = Release|Any CPU
		{10A2F4E3-7A08-4BBB-BC08-6D35BA648242}.Release|x64.ActiveCfg = Release|Any CPU
		{10A2F4E3-7A08-4BBB-BC08-6D35BA648242}.Release|x64.Build.0 = Release|Any CPU
		{10A2F4E3-7A08-4BBB-BC08-6D35BA648242}.Release|x86.ActiveCfg = Release|Any CPU
		{10A2F4E3-7A08-4BBB-BC08-6D35BA648242}.Release|x86.Build.0 = Release|Any CPU
		{5321A786-68F8-4C8B-8212-0637BE36D85A}.Debug|Any CPU.ActiveCfg = Debug|Any CPU
		{5321A786-68F8-4C8B-8212-0637BE36D85A}.Debug|Any CPU.Build.0 = Debug|Any CPU
		{5321A786-68F8-4C8B-8212-0637BE36D85A}.Debug|x64.ActiveCfg = Debug|Any CPU
		{5321A786-68F8-4C8B-8212-0637BE36D85A}.Debug|x64.Build.0 = Debug|Any CPU
		{5321A786-68F8-4C8B-8212-0637BE36D85A}.Debug|x86.ActiveCfg = Debug|Any CPU
		{5321A786-68F8-4C8B-8212-0637BE36D85A}.Debug|x86.Build.0 = Debug|Any CPU
		{5321A786-68F8-4C8B-8212-0637BE36D85A}.Release|Any CPU.ActiveCfg = Release|Any CPU
		{5321A786-68F8-4C8B-8212-0637BE36D85A}.Release|Any CPU.Build.0 = Release|Any CPU
		{5321A786-68F8-4C8B-8212-0637BE36D85A}.Release|x64.ActiveCfg = Release|Any CPU
		{5321A786-68F8-4C8B-8212-0637BE36D85A}.Release|x64.Build.0 = Release|Any CPU
		{5321A786-68F8-4C8B-8212-0637BE36D85A}.Release|x86.ActiveCfg = Release|Any CPU
		{5321A786-68F8-4C8B-8212-0637BE36D85A}.Release|x86.Build.0 = Release|Any CPU
		{A42AEC6A-D289-4B5E-AAC7-5A52A4720326}.Debug|Any CPU.ActiveCfg = Debug|Any CPU
		{A42AEC6A-D289-4B5E-AAC7-5A52A4720326}.Debug|Any CPU.Build.0 = Debug|Any CPU
		{A42AEC6A-D289-4B5E-AAC7-5A52A4720326}.Debug|x64.ActiveCfg = Debug|Any CPU
		{A42AEC6A-D289-4B5E-AAC7-5A52A4720326}.Debug|x64.Build.0 = Debug|Any CPU
		{A42AEC6A-D289-4B5E-AAC7-5A52A4720326}.Debug|x86.ActiveCfg = Debug|Any CPU
		{A42AEC6A-D289-4B5E-AAC7-5A52A4720326}.Debug|x86.Build.0 = Debug|Any CPU
		{A42AEC6A-D289-4B5E-AAC7-5A52A4720326}.Release|Any CPU.ActiveCfg = Release|Any CPU
		{A42AEC6A-D289-4B5E-AAC7-5A52A4720326}.Release|Any CPU.Build.0 = Release|Any CPU
		{A42AEC6A-D289-4B5E-AAC7-5A52A4720326}.Release|x64.ActiveCfg = Release|Any CPU
		{A42AEC6A-D289-4B5E-AAC7-5A52A4720326}.Release|x64.Build.0 = Release|Any CPU
		{A42AEC6A-D289-4B5E-AAC7-5A52A4720326}.Release|x86.ActiveCfg = Release|Any CPU
		{A42AEC6A-D289-4B5E-AAC7-5A52A4720326}.Release|x86.Build.0 = Release|Any CPU
		{C872CB02-607C-44B6-A9B2-F234A19F4E13}.Debug|Any CPU.ActiveCfg = Debug|Any CPU
		{C872CB02-607C-44B6-A9B2-F234A19F4E13}.Debug|Any CPU.Build.0 = Debug|Any CPU
		{C872CB02-607C-44B6-A9B2-F234A19F4E13}.Debug|x64.ActiveCfg = Debug|Any CPU
		{C872CB02-607C-44B6-A9B2-F234A19F4E13}.Debug|x64.Build.0 = Debug|Any CPU
		{C872CB02-607C-44B6-A9B2-F234A19F4E13}.Debug|x86.ActiveCfg = Debug|Any CPU
		{C872CB02-607C-44B6-A9B2-F234A19F4E13}.Debug|x86.Build.0 = Debug|Any CPU
		{C872CB02-607C-44B6-A9B2-F234A19F4E13}.Release|Any CPU.ActiveCfg = Release|Any CPU
		{C872CB02-607C-44B6-A9B2-F234A19F4E13}.Release|Any CPU.Build.0 = Release|Any CPU
		{C872CB02-607C-44B6-A9B2-F234A19F4E13}.Release|x64.ActiveCfg = Release|Any CPU
		{C872CB02-607C-44B6-A9B2-F234A19F4E13}.Release|x64.Build.0 = Release|Any CPU
		{C872CB02-607C-44B6-A9B2-F234A19F4E13}.Release|x86.ActiveCfg = Release|Any CPU
		{C872CB02-607C-44B6-A9B2-F234A19F4E13}.Release|x86.Build.0 = Release|Any CPU
	EndGlobalSection
	GlobalSection(SolutionProperties) = preSolution
		HideSolutionNode = FALSE
	EndGlobalSection
	GlobalSection(NestedProjects) = preSolution
		{960EB90E-E4C7-4023-8F56-833E5B482B2D} = {F2659A5F-1EBD-3F4F-4A30-86EC08B46DDA}
		{8A3128CC-FF61-8602-10F8-816F592E7DB9} = {43FB7F60-F4B6-401E-9724-84CEE858810A}
		{C65A9C3A-2EBC-0925-7449-96B514776FA6} = {8A3128CC-FF61-8602-10F8-816F592E7DB9}
		{5D01F1F0-0881-8C81-6BE8-8FCE1F3FCEFC} = {C65A9C3A-2EBC-0925-7449-96B514776FA6}
		{F672273B-E905-56B2-21A1-C06FDDB8A714} = {5D01F1F0-0881-8C81-6BE8-8FCE1F3FCEFC}
		{50E964F7-471D-4973-9140-756DE240C0C9} = {F672273B-E905-56B2-21A1-C06FDDB8A714}
		{F8B0EB24-7532-4E56-8D47-FB81CBD9632E} = {C65A9C3A-2EBC-0925-7449-96B514776FA6}
		{F0349819-6F63-48DA-8FEE-66D892EC69E8} = {C65A9C3A-2EBC-0925-7449-96B514776FA6}
		{C86EC17C-67E8-42DB-AFC4-4C8DB39BF8C2} = {C65A9C3A-2EBC-0925-7449-96B514776FA6}
		{7A4C2E91-8B3D-4F6A-9C5E-1D2B8F0A6E43} = {C65A9C3A-2EBC-0925-7449-96B514776FA6}
		{10A2F4E3-7A08-4BBB-BC08-6D35BA648242} = {43FB7F60-F4B6-401E-9724-84CEE858810A}
		{5321A786-68F8-4C8B-8212-0637BE36D85A} = {43FB7F60-F4B6-401E-9724-84CEE858810A}
	EndGlobalSection
EndGlobal
